
Microsoft Visual Studio Solution File, Format Version 12.00
# Visual Studio Version 17
VisualStudioVersion = 17.0.31903.59
MinimumVisualStudioVersion = 10.0.40219.1
Project("{2150E333-8FDC-42A3-9474-1A3956D46DE8}") = "src", "src", "{AB5639E1-285E-42FF-B9AD-39675D461DC3}"
EndProject
Project("{FAE04EC0-301F-11D3-BF4B-00C04F79EFBC}") = "UserInfo", "src\UserInfo\UserInfo.csproj", "{9251B944-93FC-417D-990E-4C0E1CC23B3C}"
EndProject
Project("{2150E333-8FDC-42A3-9474-1A3956D46DE8}") = "tests", "tests", "{F7725984-43B2-456B-A223-CB41F1E94F2B}"
EndProject
Project("{FAE04EC0-301F-11D3-BF4B-00C04F79EFBC}") = "UserInfo.Tests", "tests\UserInfo.Tests\UserInfo.Tests.csproj", "{2337CAE5-254D-477B-9D44-983AE194A537}"
EndProject
Global
	GlobalSection(SolutionConfigurationPlatforms) = preSolution
		Debug|Any CPU = Debug|Any CPU
		Release|Any CPU = Release|Any CPU
	EndGlobalSection
	GlobalSection(SolutionProperties) = preSolution
		HideSolutionNode = FALSE
	EndGlobalSection
	GlobalSection(ProjectConfigurationPlatforms) = postSolution
		{9251B944-93FC-417D-990E-4C0E1CC23B3C}.Debug|Any CPU.ActiveCfg = Debug|Any CPU
		{9251B944-93FC-417D-990E-4C0E1CC23B3C}.Debug|Any CPU.Build.0 = Debug|Any CPU
		{9251B944-93FC-417D-990E-4C0E1CC23B3C}.Release|Any CPU.ActiveCfg = Release|Any CPU
		{9251B944-93FC-417D-990E-4C0E1CC23B3C}.Release|Any CPU.Build.0 = Release|Any CPU
		{2337CAE5-254D-477B-9D44-983AE194A537}.Debug|Any CPU.ActiveCfg = Debug|Any CPU
		{2337CAE5-254D-477B-9D44-983AE194A537}.Debug|Any CPU.Build.0 = Debug|Any CPU
		{2337CAE5-254D-477B-9D44-983AE194A537}.Release|Any CPU.ActiveCfg = Release|Any CPU
		{2337CAE5-254D-477B-9D44-983AE194A537}.Release|Any CPU.Build.0 = Release|Any CPU
	EndGlobalSection
	GlobalSection(NestedProjects) = preSolution
		{9251B944-93FC-417D-990E-4C0E1CC23B3C} = {AB5639E1-285E-42FF-B9AD-39675D461DC3}
		{2337CAE5-254D-477B-9D44-983AE194A537} = {F7725984-43B2-456B-A223-CB41F1E94F2B}
	EndGlobalSection
EndGlobal
